{
  "name": "xenialexample",
  "version": "1.0.0",
  "lockfileVersion": 1,
  "requires": true,
  "dependencies": {
    "xenialdb": {
      "version": "1.1.0",
      "resolved": "https://registry.npmjs.org/xenialdb/-/xenialdb-1.1.0.tgz",
      "integrity": "sha512-5iBha26gD6xDEwXGuEQYOh4ayNMaw/r1a8g/ICm72Y1YDiNf0H+FV2uyPwYzTcQ9GOjgTnHjBXCFideE9iP4cA=="
    }
  }
}
